PODS:
  - GoogleMaps (2.7.0):
    - GoogleMaps/Maps (= 2.7.0)
  - GoogleMaps/Base (2.7.0)
  - GoogleMaps/Maps (2.7.0):
    - GoogleMaps/Base
  - GooglePlaces (2.7.0):
    - GoogleMaps/Base (= 2.7.0)
  - MarqueeLabel/Swift (3.1.4)
  - NotificationBannerSwift (1.6.2):
    - MarqueeLabel/Swift
    - SnapKit (~> 4.0)
  - SnapKit (4.0.0)

DEPENDENCIES:
  - GoogleMaps
  - GooglePlaces
  - NotificationBannerSwift

SPEC REPOS:
  https://github.com/CocoaPods/Specs.git:
    - GoogleMaps
    - GooglePlaces
    - MarqueeLabel
    - NotificationBannerSwift
    - SnapKit

SPEC CHECKSUMS:
  GoogleMaps: f79af95cb24d869457b1f961c93d3ce8b2f3b848
  GooglePlaces: 3d06e6c99654545b4738ce49648745779c25f2ef
  MarqueeLabel: bf768455fe88d427f71476ebb23f9092b660f40b
  NotificationBannerSwift: 4eceb2add9d5eaa0596c63d49690b4d6476e74ec
  SnapKit: a42d492c16e80209130a3379f73596c3454b7694

PODFILE CHECKSUM: c556752587a4fdd21c761db66e526f4a3a0e43c2

COCOAPODS: 1.5.0
