// !$*UTF8*$!
{
	archiveVersion = 1;
	classes = {
	};
	objectVersion = 50;
	objects = {

/* Begin PBXBuildFile section */
		9A1771ED2095FF29005B83BA /* GameManager.swift in Sources */ = {isa = PBXBuildFile; fileRef = 9A1771EC2095FF29005B83BA /* GameManager.swift */; };
		9A1771F02095FFA0005B83BA /* GameLocation.swift in Sources */ = {isa = PBXBuildFile; fileRef = 9A1771EF2095FFA0005B83BA /* GameLocation.swift */; };
		9A1771F22096023E005B83BA /* DistanceCalculator.swift in Sources */ = {isa = PBXBuildFile; fileRef = 9A1771F12096023E005B83BA /* DistanceCalculator.swift */; };
		9A1771F420960C09005B83BA /* RugzakTableViewCell.swift in Sources */ = {isa = PBXBuildFile; fileRef = 9A1771F320960C09005B83BA /* RugzakTableViewCell.swift */; };
		9A3C083D209F3E9900D1B14D /* ManagementViewController.swift in Sources */ = {isa = PBXBuildFile; fileRef = 9A3C083C209F3E9900D1B14D /* ManagementViewController.swift */; };
		9A3C083F209F4E2300D1B14D /* RugzakItemViewController.swift in Sources */ = {isa = PBXBuildFile; fileRef = 9A3C083E209F4E2300D1B14D /* RugzakItemViewController.swift */; };
		9A3C0843209F5A9E00D1B14D /* GameData.plist in Resources */ = {isa = PBXBuildFile; fileRef = 9A3C0842209F5A9E00D1B14D /* GameData.plist */; };
		9A3C0847209F9B4200D1B14D /* PersistenceManager.swift in Sources */ = {isa = PBXBuildFile; fileRef = 9A3C0846209F9B4200D1B14D /* PersistenceManager.swift */; };
		9A3C084A209F9B8200D1B14D /* Item.swift in Sources */ = {isa = PBXBuildFile; fileRef = 9A3C0849209F9B8200D1B14D /* Item.swift */; };
		9A3C084C209F9C2A00D1B14D /* Location.swift in Sources */ = {isa = PBXBuildFile; fileRef = 9A3C084B209F9C2A00D1B14D /* Location.swift */; };
		9A3C084E209F9F5800D1B14D /* LocationManager.swift in Sources */ = {isa = PBXBuildFile; fileRef = 9A3C084D209F9F5800D1B14D /* LocationManager.swift */; };
		9A3C085020A2271900D1B14D /* GameManagerTests.swift in Sources */ = {isa = PBXBuildFile; fileRef = 9A3C084F20A2271900D1B14D /* GameManagerTests.swift */; };
		9A3C085220A38D0800D1B14D /* ItemCombinationTests.swift in Sources */ = {isa = PBXBuildFile; fileRef = 9A3C085120A38D0800D1B14D /* ItemCombinationTests.swift */; };
		9A3C085420A39B1B00D1B14D /* ItemUsageTests.swift in Sources */ = {isa = PBXBuildFile; fileRef = 9A3C085320A39B1A00D1B14D /* ItemUsageTests.swift */; };
		9A3C085620A39DDD00D1B14D /* Action.swift in Sources */ = {isa = PBXBuildFile; fileRef = 9A3C085520A39DDD00D1B14D /* Action.swift */; };
		9A3C085820A39F6100D1B14D /* ActionManager.swift in Sources */ = {isa = PBXBuildFile; fileRef = 9A3C085720A39F6100D1B14D /* ActionManager.swift */; };
		9A3C085B20A7504D00D1B14D /* GameSetupBaarn.swift in Sources */ = {isa = PBXBuildFile; fileRef = 9A3C085A20A7504C00D1B14D /* GameSetupBaarn.swift */; };
		9A72BB91209DBFE7006F417D /* Location Start.gpx in Resources */ = {isa = PBXBuildFile; fileRef = 9A72BB8E209DBFE6006F417D /* Location Start.gpx */; };
		9A72BB92209DBFE7006F417D /* All Game Locations.gpx in Resources */ = {isa = PBXBuildFile; fileRef = 9A72BB8F209DBFE7006F417D /* All Game Locations.gpx */; };
		9A72BB93209DBFE7006F417D /* Location Boom.gpx in Resources */ = {isa = PBXBuildFile; fileRef = 9A72BB90209DBFE7006F417D /* Location Boom.gpx */; };
		9A72BB95209DCB69006F417D /* Location Kloofrand.gpx in Resources */ = {isa = PBXBuildFile; fileRef = 9A72BB94209DCB69006F417D /* Location Kloofrand.gpx */; };
		9A72BB9D209DEBEB006F417D /* Location Moeras.gpx in Resources */ = {isa = PBXBuildFile; fileRef = 9A72BB97209DEBEB006F417D /* Location Moeras.gpx */; };
		9A72BB9E209DEBEB006F417D /* Location Kloofbodem.gpx in Resources */ = {isa = PBXBuildFile; fileRef = 9A72BB98209DEBEB006F417D /* Location Kloofbodem.gpx */; };
		9A72BB9F209DEBEB006F417D /* Location Rivier.gpx in Resources */ = {isa = PBXBuildFile; fileRef = 9A72BB99209DEBEB006F417D /* Location Rivier.gpx */; };
		9A72BBA0209DEBEB006F417D /* Location Hut.gpx in Resources */ = {isa = PBXBuildFile; fileRef = 9A72BB9A209DEBEB006F417D /* Location Hut.gpx */; };
		9A72BBA1209DEBEB006F417D /* Location Koopman.gpx in Resources */ = {isa = PBXBuildFile; fileRef = 9A72BB9B209DEBEB006F417D /* Location Koopman.gpx */; };
		9A72BBA2209DEBEB006F417D /* Location Berg.gpx in Resources */ = {isa = PBXBuildFile; fileRef = 9A72BB9C209DEBEB006F417D /* Location Berg.gpx */; };
		9A72BBA4209DF843006F417D /* Utility.swift in Sources */ = {isa = PBXBuildFile; fileRef = 9A72BBA3209DF843006F417D /* Utility.swift */; };
		9A72BBA6209EFE51006F417D /* GameItem.swift in Sources */ = {isa = PBXBuildFile; fileRef = 9A72BBA5209EFE51006F417D /* GameItem.swift */; };
		9A72BBA8209EFEDB006F417D /* GameSetupStrocamp.swift in Sources */ = {isa = PBXBuildFile; fileRef = 9A72BBA7209EFEDB006F417D /* GameSetupStrocamp.swift */; };
		9A72BBAC209F193F006F417D /* InventoryManager.swift in Sources */ = {isa = PBXBuildFile; fileRef = 9A72BBAB209F193F006F417D /* InventoryManager.swift */; };
		9AB1BF4F2095E4FF00B4B413 /* AppDelegate.swift in Sources */ = {isa = PBXBuildFile; fileRef = 9AB1BF4E2095E4FF00B4B413 /* AppDelegate.swift */; };
		9AB1BF512095E4FF00B4B413 /* ViewController.swift in Sources */ = {isa = PBXBuildFile; fileRef = 9AB1BF502095E4FF00B4B413 /* ViewController.swift */; };
		9AB1BF542095E4FF00B4B413 /* Main.storyboard in Resources */ = {isa = PBXBuildFile; fileRef = 9AB1BF522095E4FF00B4B413 /* Main.storyboard */; };
		9AB1BF562095E50000B4B413 /* Assets.xcassets in Resources */ = {isa = PBXBuildFile; fileRef = 9AB1BF552095E50000B4B413 /* Assets.xcassets */; };
		9AB1BF592095E50000B4B413 /* LaunchScreen.storyboard in Resources */ = {isa = PBXBuildFile; fileRef = 9AB1BF572095E50000B4B413 /* LaunchScreen.storyboard */; };
		9AB1BF642095E50000B4B413 /* Bergjes2018Tests.swift in Sources */ = {isa = PBXBuildFile; fileRef = 9AB1BF632095E50000B4B413 /* Bergjes2018Tests.swift */; };
		9AB1BF6F2095E50000B4B413 /* Bergjes2018UITests.swift in Sources */ = {isa = PBXBuildFile; fileRef = 9AB1BF6E2095E50000B4B413 /* Bergjes2018UITests.swift */; };
		9AB1BF7D2095E60B00B4B413 /* Podfile in Resources */ = {isa = PBXBuildFile; fileRef = 9AB1BF7C2095E60B00B4B413 /* Podfile */; };
		9AB579892095FB570056AB6C /* RugzakViewController.swift in Sources */ = {isa = PBXBuildFile; fileRef = 9AB579882095FB570056AB6C /* RugzakViewController.swift */; };
		C8F8647BFA213B2561BAC12B /* libPods-Bergjes2018.a in Frameworks */ = {isa = PBXBuildFile; fileRef = 81311F7421D0202F83295305 /* libPods-Bergjes2018.a */; };
/* End PBXBuildFile section */

/* Begin PBXContainerItemProxy section */
		9AB1BF602095E50000B4B413 /* PBXContainerItemProxy */ = {
			isa = PBXContainerItemProxy;
			containerPortal = 9AB1BF432095E4FE00B4B413 /* Project object */;
			proxyType = 1;
			remoteGlobalIDString = 9AB1BF4A2095E4FE00B4B413;
			remoteInfo = Bergjes2018;
		};
		9AB1BF6B2095E50000B4B413 /* PBXContainerItemProxy */ = {
			isa = PBXContainerItemProxy;
			containerPortal = 9AB1BF432095E4FE00B4B413 /* Project object */;
			proxyType = 1;
			remoteGlobalIDString = 9AB1BF4A2095E4FE00B4B413;
			remoteInfo = Bergjes2018;
		};
/* End PBXContainerItemProxy section */

/* Begin PBXFileReference section */
		684415749BBBC46CF7245397 /* Pods-Bergjes2018.debug.xcconfig */ = {isa = PBXFileReference; includeInIndex = 1; lastKnownFileType = text.xcconfig; name = "Pods-Bergjes2018.debug.xcconfig"; path = "Pods/Target Support Files/Pods-Bergjes2018/Pods-Bergjes2018.debug.xcconfig"; sourceTree = "<group>"; };
		81311F7421D0202F83295305 /* libPods-Bergjes2018.a */ = {isa = PBXFileReference; explicitFileType = archive.ar; includeInIndex = 0; path = "libPods-Bergjes2018.a"; sourceTree = BUILT_PRODUCTS_DIR; };
		9A1771EC2095FF29005B83BA /* GameManager.swift */ = {isa = PBXFileReference; lastKnownFileType = sourcecode.swift; path = GameManager.swift; sourceTree = "<group>"; };
		9A1771EF2095FFA0005B83BA /* GameLocation.swift */ = {isa = PBXFileReference; lastKnownFileType = sourcecode.swift; path = GameLocation.swift; sourceTree = "<group>"; };
		9A1771F12096023E005B83BA /* DistanceCalculator.swift */ = {isa = PBXFileReference; lastKnownFileType = sourcecode.swift; path = DistanceCalculator.swift; sourceTree = "<group>"; };
		9A1771F320960C09005B83BA /* RugzakTableViewCell.swift */ = {isa = PBXFileReference; lastKnownFileType = sourcecode.swift; path = RugzakTableViewCell.swift; sourceTree = "<group>"; };
		9A3C083C209F3E9900D1B14D /* ManagementViewController.swift */ = {isa = PBXFileReference; lastKnownFileType = sourcecode.swift; path = ManagementViewController.swift; sourceTree = "<group>"; };
		9A3C083E209F4E2300D1B14D /* RugzakItemViewController.swift */ = {isa = PBXFileReference; lastKnownFileType = sourcecode.swift; path = RugzakItemViewController.swift; sourceTree = "<group>"; };
		9A3C0842209F5A9E00D1B14D /* GameData.plist */ = {isa = PBXFileReference; lastKnownFileType = text.plist.xml; path = GameData.plist; sourceTree = "<group>"; };
		9A3C0846209F9B4200D1B14D /* PersistenceManager.swift */ = {isa = PBXFileReference; lastKnownFileType = sourcecode.swift; path = PersistenceManager.swift; sourceTree = "<group>"; };
		9A3C0849209F9B8200D1B14D /* Item.swift */ = {isa = PBXFileReference; lastKnownFileType = sourcecode.swift; path = Item.swift; sourceTree = "<group>"; };
		9A3C084B209F9C2A00D1B14D /* Location.swift */ = {isa = PBXFileReference; lastKnownFileType = sourcecode.swift; path = Location.swift; sourceTree = "<group>"; };
		9A3C084D209F9F5800D1B14D /* LocationManager.swift */ = {isa = PBXFileReference; lastKnownFileType = sourcecode.swift; path = LocationManager.swift; sourceTree = "<group>"; };
		9A3C084F20A2271900D1B14D /* GameManagerTests.swift */ = {isa = PBXFileReference; lastKnownFileType = sourcecode.swift; path = GameManagerTests.swift; sourceTree = "<group>"; };
		9A3C085120A38D0800D1B14D /* ItemCombinationTests.swift */ = {isa = PBXFileReference; lastKnownFileType = sourcecode.swift; path = ItemCombinationTests.swift; sourceTree = "<group>"; };
		9A3C085320A39B1A00D1B14D /* ItemUsageTests.swift */ = {isa = PBXFileReference; lastKnownFileType = sourcecode.swift; path = ItemUsageTests.swift; sourceTree = "<group>"; };
		9A3C085520A39DDD00D1B14D /* Action.swift */ = {isa = PBXFileReference; lastKnownFileType = sourcecode.swift; path = Action.swift; sourceTree = "<group>"; };
		9A3C085720A39F6100D1B14D /* ActionManager.swift */ = {isa = PBXFileReference; lastKnownFileType = sourcecode.swift; path = ActionManager.swift; sourceTree = "<group>"; };
		9A3C085920A460FC00D1B14D /* README.md */ = {isa = PBXFileReference; lastKnownFileType = net.daringfireball.markdown; path = README.md; sourceTree = "<group>"; };
		9A3C085A20A7504C00D1B14D /* GameSetupBaarn.swift */ = {isa = PBXFileReference; fileEncoding = 4; lastKnownFileType = sourcecode.swift; path = GameSetupBaarn.swift; sourceTree = "<group>"; };
		9A72BB8E209DBFE6006F417D /* Location Start.gpx */ = {isa = PBXFileReference; fileEncoding = 4; lastKnownFileType = text; path = "Location Start.gpx"; sourceTree = "<group>"; };
		9A72BB8F209DBFE7006F417D /* All Game Locations.gpx */ = {isa = PBXFileReference; fileEncoding = 4; lastKnownFileType = text; path = "All Game Locations.gpx"; sourceTree = "<group>"; };
		9A72BB90209DBFE7006F417D /* Location Boom.gpx */ = {isa = PBXFileReference; fileEncoding = 4; lastKnownFileType = text; path = "Location Boom.gpx"; sourceTree = "<group>"; };
		9A72BB94209DCB69006F417D /* Location Kloofrand.gpx */ = {isa = PBXFileReference; fileEncoding = 4; lastKnownFileType = text; path = "Location Kloofrand.gpx"; sourceTree = "<group>"; };
		9A72BB97209DEBEB006F417D /* Location Moeras.gpx */ = {isa = PBXFileReference; fileEncoding = 4; lastKnownFileType = text; path = "Location Moeras.gpx"; sourceTree = "<group>"; };
		9A72BB98209DEBEB006F417D /* Location Kloofbodem.gpx */ = {isa = PBXFileReference; fileEncoding = 4; lastKnownFileType = text; path = "Location Kloofbodem.gpx"; sourceTree = "<group>"; };
		9A72BB99209DEBEB006F417D /* Location Rivier.gpx */ = {isa = PBXFileReference; fileEncoding = 4; lastKnownFileType = text; path = "Location Rivier.gpx"; sourceTree = "<group>"; };
		9A72BB9A209DEBEB006F417D /* Location Hut.gpx */ = {isa = PBXFileReference; fileEncoding = 4; lastKnownFileType = text; path = "Location Hut.gpx"; sourceTree = "<group>"; };
		9A72BB9B209DEBEB006F417D /* Location Koopman.gpx */ = {isa = PBXFileReference; fileEncoding = 4; lastKnownFileType = text; path = "Location Koopman.gpx"; sourceTree = "<group>"; };
		9A72BB9C209DEBEB006F417D /* Location Berg.gpx */ = {isa = PBXFileReference; fileEncoding = 4; lastKnownFileType = text; path = "Location Berg.gpx"; sourceTree = "<group>"; };
		9A72BBA3209DF843006F417D /* Utility.swift */ = {isa = PBXFileReference; lastKnownFileType = sourcecode.swift; path = Utility.swift; sourceTree = "<group>"; };
		9A72BBA5209EFE51006F417D /* GameItem.swift */ = {isa = PBXFileReference; lastKnownFileType = sourcecode.swift; path = GameItem.swift; sourceTree = "<group>"; };
		9A72BBA7209EFEDB006F417D /* GameSetupStrocamp.swift */ = {isa = PBXFileReference; lastKnownFileType = sourcecode.swift; path = GameSetupStrocamp.swift; sourceTree = "<group>"; };
		9A72BBAB209F193F006F417D /* InventoryManager.swift */ = {isa = PBXFileReference; lastKnownFileType = sourcecode.swift; path = InventoryManager.swift; sourceTree = "<group>"; };
		9AB1BF4B2095E4FE00B4B413 /* Bergjes2018.app */ = {isa = PBXFileReference; explicitFileType = wrapper.application; includeInIndex = 0; path = Bergjes2018.app; sourceTree = BUILT_PRODUCTS_DIR; };
		9AB1BF4E2095E4FF00B4B413 /* AppDelegate.swift */ = {isa = PBXFileReference; lastKnownFileType = sourcecode.swift; path = AppDelegate.swift; sourceTree = "<group>"; };
		9AB1BF502095E4FF00B4B413 /* ViewController.swift */ = {isa = PBXFileReference; lastKnownFileType = sourcecode.swift; path = ViewController.swift; sourceTree = "<group>"; };
		9AB1BF532095E4FF00B4B413 /* Base */ = {isa = PBXFileReference; lastKnownFileType = file.storyboard; name = Base; path = Base.lproj/Main.storyboard; sourceTree = "<group>"; };
		9AB1BF552095E50000B4B413 /* Assets.xcassets */ = {isa = PBXFileReference; lastKnownFileType = folder.assetcatalog; path = Assets.xcassets; sourceTree = "<group>"; };
		9AB1BF582095E50000B4B413 /* Base */ = {isa = PBXFileReference; lastKnownFileType = file.storyboard; name = Base; path = Base.lproj/LaunchScreen.storyboard; sourceTree = "<group>"; };
		9AB1BF5A2095E50000B4B413 /* Info.plist */ = {isa = PBXFileReference; lastKnownFileType = text.plist.xml; path = Info.plist; sourceTree = "<group>"; };
		9AB1BF5F2095E50000B4B413 /* Bergjes2018Tests.xctest */ = {isa = PBXFileReference; explicitFileType = wrapper.cfbundle; includeInIndex = 0; path = Bergjes2018Tests.xctest; sourceTree = BUILT_PRODUCTS_DIR; };
		9AB1BF632095E50000B4B413 /* Bergjes2018Tests.swift */ = {isa = PBXFileReference; lastKnownFileType = sourcecode.swift; path = Bergjes2018Tests.swift; sourceTree = "<group>"; };
		9AB1BF652095E50000B4B413 /* Info.plist */ = {isa = PBXFileReference; lastKnownFileType = text.plist.xml; path = Info.plist; sourceTree = "<group>"; };
		9AB1BF6A2095E50000B4B413 /* Bergjes2018UITests.xctest */ = {isa = PBXFileReference; explicitFileType = wrapper.cfbundle; includeInIndex = 0; path = Bergjes2018UITests.xctest; sourceTree = BUILT_PRODUCTS_DIR; };
		9AB1BF6E2095E50000B4B413 /* Bergjes2018UITests.swift */ = {isa = PBXFileReference; lastKnownFileType = sourcecode.swift; path = Bergjes2018UITests.swift; sourceTree = "<group>"; };
		9AB1BF702095E50000B4B413 /* Info.plist */ = {isa = PBXFileReference; lastKnownFileType = text.plist.xml; path = Info.plist; sourceTree = "<group>"; };
		9AB1BF7C2095E60B00B4B413 /* Podfile */ = {isa = PBXFileReference; lastKnownFileType = text; path = Podfile; sourceTree = "<group>"; xcLanguageSpecificationIdentifier = xcode.lang.ruby; };
		9AB579882095FB570056AB6C /* RugzakViewController.swift */ = {isa = PBXFileReference; lastKnownFileType = sourcecode.swift; path = RugzakViewController.swift; sourceTree = "<group>"; };
		EE8165650147B17319E3CAE8 /* Pods-Bergjes2018.release.xcconfig */ = {isa = PBXFileReference; includeInIndex = 1; lastKnownFileType = text.xcconfig; name = "Pods-Bergjes2018.release.xcconfig"; path = "Pods/Target Support Files/Pods-Bergjes2018/Pods-Bergjes2018.release.xcconfig"; sourceTree = "<group>"; };
/* End PBXFileReference section */

/* Begin PBXFrameworksBuildPhase section */
		9AB1BF482095E4FE00B4B413 /* Frameworks */ = {
			isa = PBXFrameworksBuildPhase;
			buildActionMask = 2147483647;
			files = (
				C8F8647BFA213B2561BAC12B /* libPods-Bergjes2018.a in Frameworks */,
			);
			runOnlyForDeploymentPostprocessing = 0;
		};
		9AB1BF5C2095E50000B4B413 /* Frameworks */ = {
			isa = PBXFrameworksBuildPhase;
			buildActionMask = 2147483647;
			files = (
			);
			runOnlyForDeploymentPostprocessing = 0;
		};
		9AB1BF672095E50000B4B413 /* Frameworks */ = {
			isa = PBXFrameworksBuildPhase;
			buildActionMask = 2147483647;
			files = (
			);
			runOnlyForDeploymentPostprocessing = 0;
		};
/* End PBXFrameworksBuildPhase section */

/* Begin PBXGroup section */
		0184C3BBDA131EAD671DBF86 /* Frameworks */ = {
			isa = PBXGroup;
			children = (
				81311F7421D0202F83295305 /* libPods-Bergjes2018.a */,
			);
			name = Frameworks;
			sourceTree = "<group>";
		};
		534B1AF0768EB7FC7E1172F9 /* Pods */ = {
			isa = PBXGroup;
			children = (
				684415749BBBC46CF7245397 /* Pods-Bergjes2018.debug.xcconfig */,
				EE8165650147B17319E3CAE8 /* Pods-Bergjes2018.release.xcconfig */,
			);
			name = Pods;
			sourceTree = "<group>";
		};
		9A1771EE2095FF85005B83BA /* Model */ = {
			isa = PBXGroup;
			children = (
				9A1771EF2095FFA0005B83BA /* GameLocation.swift */,
				9A72BBA5209EFE51006F417D /* GameItem.swift */,
			);
			path = Model;
			sourceTree = "<group>";
		};
		9A3C083B209F3E8800D1B14D /* Management */ = {
			isa = PBXGroup;
			children = (
				9A3C083C209F3E9900D1B14D /* ManagementViewController.swift */,
			);
			path = Management;
			sourceTree = "<group>";
		};
		9A3C0848209F9B6000D1B14D /* Persistence */ = {
			isa = PBXGroup;
			children = (
				9A3C0846209F9B4200D1B14D /* PersistenceManager.swift */,
				9A3C0849209F9B8200D1B14D /* Item.swift */,
				9A3C084B209F9C2A00D1B14D /* Location.swift */,
				9A3C085520A39DDD00D1B14D /* Action.swift */,
			);
			path = Persistence;
			sourceTree = "<group>";
		};
		9A72BB96209DEB23006F417D /* Locations */ = {
			isa = PBXGroup;
			children = (
				9A72BB9C209DEBEB006F417D /* Location Berg.gpx */,
				9A72BB9A209DEBEB006F417D /* Location Hut.gpx */,
				9A72BB98209DEBEB006F417D /* Location Kloofbodem.gpx */,
				9A72BB9B209DEBEB006F417D /* Location Koopman.gpx */,
				9A72BB97209DEBEB006F417D /* Location Moeras.gpx */,
				9A72BB99209DEBEB006F417D /* Location Rivier.gpx */,
				9A72BB94209DCB69006F417D /* Location Kloofrand.gpx */,
				9A72BB8F209DBFE7006F417D /* All Game Locations.gpx */,
				9A72BB90209DBFE7006F417D /* Location Boom.gpx */,
				9A72BB8E209DBFE6006F417D /* Location Start.gpx */,
			);
			path = Locations;
			sourceTree = "<group>";
		};
		9A72BBA9209F02D6006F417D /* Rugzak */ = {
			isa = PBXGroup;
			children = (
				9AB579882095FB570056AB6C /* RugzakViewController.swift */,
				9A1771F320960C09005B83BA /* RugzakTableViewCell.swift */,
				9A3C083E209F4E2300D1B14D /* RugzakItemViewController.swift */,
			);
			path = Rugzak;
			sourceTree = "<group>";
		};
		9A72BBAA209F190F006F417D /* Game */ = {
			isa = PBXGroup;
			children = (
				9A3C0842209F5A9E00D1B14D /* GameData.plist */,
				9A1771EC2095FF29005B83BA /* GameManager.swift */,
				9A1771F12096023E005B83BA /* DistanceCalculator.swift */,
				9A3C085A20A7504C00D1B14D /* GameSetupBaarn.swift */,
				9A72BBA7209EFEDB006F417D /* GameSetupStrocamp.swift */,
				9A72BBAB209F193F006F417D /* InventoryManager.swift */,
				9A3C084D209F9F5800D1B14D /* LocationManager.swift */,
				9A3C085720A39F6100D1B14D /* ActionManager.swift */,
			);
			path = Game;
			sourceTree = "<group>";
		};
		9AB1BF422095E4FE00B4B413 = {
			isa = PBXGroup;
			children = (
				9A3C085920A460FC00D1B14D /* README.md */,
				9A72BB96209DEB23006F417D /* Locations */,
				9AB1BF7C2095E60B00B4B413 /* Podfile */,
				9AB1BF4D2095E4FF00B4B413 /* Bergjes2018 */,
				9AB1BF622095E50000B4B413 /* Bergjes2018Tests */,
				9AB1BF6D2095E50000B4B413 /* Bergjes2018UITests */,
				9AB1BF4C2095E4FE00B4B413 /* Products */,
				534B1AF0768EB7FC7E1172F9 /* Pods */,
				0184C3BBDA131EAD671DBF86 /* Frameworks */,
			);
			sourceTree = "<group>";
		};
		9AB1BF4C2095E4FE00B4B413 /* Products */ = {
			isa = PBXGroup;
			children = (
				9AB1BF4B2095E4FE00B4B413 /* Bergjes2018.app */,
				9AB1BF5F2095E50000B4B413 /* Bergjes2018Tests.xctest */,
				9AB1BF6A2095E50000B4B413 /* Bergjes2018UITests.xctest */,
			);
			name = Products;
			sourceTree = "<group>";
		};
		9AB1BF4D2095E4FF00B4B413 /* Bergjes2018 */ = {
			isa = PBXGroup;
			children = (
				9A3C0848209F9B6000D1B14D /* Persistence */,
				9A3C083B209F3E8800D1B14D /* Management */,
				9A72BBAA209F190F006F417D /* Game */,
				9A72BBA9209F02D6006F417D /* Rugzak */,
				9A1771EE2095FF85005B83BA /* Model */,
				9AB1BF4E2095E4FF00B4B413 /* AppDelegate.swift */,
				9AB1BF502095E4FF00B4B413 /* ViewController.swift */,
				9AB1BF522095E4FF00B4B413 /* Main.storyboard */,
				9AB1BF552095E50000B4B413 /* Assets.xcassets */,
				9AB1BF572095E50000B4B413 /* LaunchScreen.storyboard */,
				9AB1BF5A2095E50000B4B413 /* Info.plist */,
				9A72BBA3209DF843006F417D /* Utility.swift */,
			);
			path = Bergjes2018;
			sourceTree = "<group>";
		};
		9AB1BF622095E50000B4B413 /* Bergjes2018Tests */ = {
			isa = PBXGroup;
			children = (
				9AB1BF632095E50000B4B413 /* Bergjes2018Tests.swift */,
				9AB1BF652095E50000B4B413 /* Info.plist */,
				9A3C084F20A2271900D1B14D /* GameManagerTests.swift */,
				9A3C085120A38D0800D1B14D /* ItemCombinationTests.swift */,
				9A3C085320A39B1A00D1B14D /* ItemUsageTests.swift */,
			);
			path = Bergjes2018Tests;
			sourceTree = "<group>";
		};
		9AB1BF6D2095E50000B4B413 /* Bergjes2018UITests */ = {
			isa = PBXGroup;
			children = (
				9AB1BF6E2095E50000B4B413 /* Bergjes2018UITests.swift */,
				9AB1BF702095E50000B4B413 /* Info.plist */,
			);
			path = Bergjes2018UITests;
			sourceTree = "<group>";
		};
/* End PBXGroup section */

/* Begin PBXNativeTarget section */
		9AB1BF4A2095E4FE00B4B413 /* Bergjes2018 */ = {
			isa = PBXNativeTarget;
			buildConfigurationList = 9AB1BF732095E50000B4B413 /* Build configuration list for PBXNativeTarget "Bergjes2018" */;
			buildPhases = (
				E88579F7523A92DC21D6CD6D /* [CP] Check Pods Manifest.lock */,
				9AB1BF472095E4FE00B4B413 /* Sources */,
				9AB1BF482095E4FE00B4B413 /* Frameworks */,
				9AB1BF492095E4FE00B4B413 /* Resources */,
				F678D29E88A96F4DFDFCC2F0 /* [CP] Copy Pods Resources */,
			);
			buildRules = (
			);
			dependencies = (
			);
			name = Bergjes2018;
			productName = Bergjes2018;
			productReference = 9AB1BF4B2095E4FE00B4B413 /* Bergjes2018.app */;
			productType = "com.apple.product-type.application";
		};
		9AB1BF5E2095E50000B4B413 /* Bergjes2018Tests */ = {
			isa = PBXNativeTarget;
			buildConfigurationList = 9AB1BF762095E50000B4B413 /* Build configuration list for PBXNativeTarget "Bergjes2018Tests" */;
			buildPhases = (
				9AB1BF5B2095E50000B4B413 /* Sources */,
				9AB1BF5C2095E50000B4B413 /* Frameworks */,
				9AB1BF5D2095E50000B4B413 /* Resources */,
			);
			buildRules = (
			);
			dependencies = (
				9AB1BF612095E50000B4B413 /* PBXTargetDependency */,
			);
			name = Bergjes2018Tests;
			productName = Bergjes2018Tests;
			productReference = 9AB1BF5F2095E50000B4B413 /* Bergjes2018Tests.xctest */;
			productType = "com.apple.product-type.bundle.unit-test";
		};
		9AB1BF692095E50000B4B413 /* Bergjes2018UITests */ = {
			isa = PBXNativeTarget;
			buildConfigurationList = 9AB1BF792095E50000B4B413 /* Build configuration list for PBXNativeTarget "Bergjes2018UITests" */;
			buildPhases = (
				9AB1BF662095E50000B4B413 /* Sources */,
				9AB1BF672095E50000B4B413 /* Frameworks */,
				9AB1BF682095E50000B4B413 /* Resources */,
			);
			buildRules = (
			);
			dependencies = (
				9AB1BF6C2095E50000B4B413 /* PBXTargetDependency */,
			);
			name = Bergjes2018UITests;
			productName = Bergjes2018UITests;
			productReference = 9AB1BF6A2095E50000B4B413 /* Bergjes2018UITests.xctest */;
			productType = "com.apple.product-type.bundle.ui-testing";
		};
/* End PBXNativeTarget section */

/* Begin PBXProject section */
		9AB1BF432095E4FE00B4B413 /* Project object */ = {
			isa = PBXProject;
			attributes = {
				LastSwiftUpdateCheck = 0930;
				LastUpgradeCheck = 0930;
				ORGANIZATIONNAME = "Hugo Trippaers";
				TargetAttributes = {
					9AB1BF4A2095E4FE00B4B413 = {
						CreatedOnToolsVersion = 9.3;
					};
					9AB1BF5E2095E50000B4B413 = {
						CreatedOnToolsVersion = 9.3;
						TestTargetID = 9AB1BF4A2095E4FE00B4B413;
					};
					9AB1BF692095E50000B4B413 = {
						CreatedOnToolsVersion = 9.3;
						TestTargetID = 9AB1BF4A2095E4FE00B4B413;
					};
				};
			};
			buildConfigurationList = 9AB1BF462095E4FE00B4B413 /* Build configuration list for PBXProject "Bergjes2018" */;
			compatibilityVersion = "Xcode 9.3";
			developmentRegion = en;
			hasScannedForEncodings = 0;
			knownRegions = (
				en,
				Base,
			);
			mainGroup = 9AB1BF422095E4FE00B4B413;
			productRefGroup = 9AB1BF4C2095E4FE00B4B413 /* Products */;
			projectDirPath = "";
			projectRoot = "";
			targets = (
				9AB1BF4A2095E4FE00B4B413 /* Bergjes2018 */,
				9AB1BF5E2095E50000B4B413 /* Bergjes2018Tests */,
				9AB1BF692095E50000B4B413 /* Bergjes2018UITests */,
			);
		};
/* End PBXProject section */

/* Begin PBXResourcesBuildPhase section */
		9AB1BF492095E4FE00B4B413 /* Resources */ = {
			isa = PBXResourcesBuildPhase;
			buildActionMask = 2147483647;
			files = (
				9AB1BF592095E50000B4B413 /* LaunchScreen.storyboard in Resources */,
				9A72BB9E209DEBEB006F417D /* Location Kloofbodem.gpx in Resources */,
				9AB1BF562095E50000B4B413 /* Assets.xcassets in Resources */,
				9A72BB93209DBFE7006F417D /* Location Boom.gpx in Resources */,
				9A72BBA1209DEBEB006F417D /* Location Koopman.gpx in Resources */,
				9A72BBA2209DEBEB006F417D /* Location Berg.gpx in Resources */,
				9A3C0843209F5A9E00D1B14D /* GameData.plist in Resources */,
				9A72BB9D209DEBEB006F417D /* Location Moeras.gpx in Resources */,
				9A72BB9F209DEBEB006F417D /* Location Rivier.gpx in Resources */,
				9AB1BF7D2095E60B00B4B413 /* Podfile in Resources */,
				9A72BBA0209DEBEB006F417D /* Location Hut.gpx in Resources */,
				9A72BB95209DCB69006F417D /* Location Kloofrand.gpx in Resources */,
				9A72BB91209DBFE7006F417D /* Location Start.gpx in Resources */,
				9A72BB92209DBFE7006F417D /* All Game Locations.gpx in Resources */,
				9AB1BF542095E4FF00B4B413 /* Main.storyboard in Resources */,
			);
			runOnlyForDeploymentPostprocessing = 0;
		};
		9AB1BF5D2095E50000B4B413 /* Resources */ = {
			isa = PBXResourcesBuildPhase;
			buildActionMask = 2147483647;
			files = (
			);
			runOnlyForDeploymentPostprocessing = 0;
		};
		9AB1BF682095E50000B4B413 /* Resources */ = {
			isa = PBXResourcesBuildPhase;
			buildActionMask = 2147483647;
			files = (
			);
			runOnlyForDeploymentPostprocessing = 0;
		};
/* End PBXResourcesBuildPhase section */

/* Begin PBXShellScriptBuildPhase section */
		E88579F7523A92DC21D6CD6D /* [CP] Check Pods Manifest.lock */ = {
			isa = PBXShellScriptBuildPhase;
			buildActionMask = 2147483647;
			files = (
			);
			inputPaths = (
				"${PODS_PODFILE_DIR_PATH}/Podfile.lock",
				"${PODS_ROOT}/Manifest.lock",
			);
			name = "[CP] Check Pods Manifest.lock";
			outputPaths = (
				"$(DERIVED_FILE_DIR)/Pods-Bergjes2018-checkManifestLockResult.txt",
			);
			runOnlyForDeploymentPostprocessing = 0;
			shellPath = /bin/sh;
			shellScript = "diff \"${PODS_PODFILE_DIR_PATH}/Podfile.lock\" \"${PODS_ROOT}/Manifest.lock\" > /dev/null\nif [ $? != 0 ] ; then\n    # print error to STDERR\n    echo \"error: The sandbox is not in sync with the Podfile.lock. Run 'pod install' or update your CocoaPods installation.\" >&2\n    exit 1\nfi\n# This output is used by Xcode 'outputs' to avoid re-running this script phase.\necho \"SUCCESS\" > \"${SCRIPT_OUTPUT_FILE_0}\"\n";
			showEnvVarsInLog = 0;
		};
		F678D29E88A96F4DFDFCC2F0 /* [CP] Copy Pods Resources */ = {
			isa = PBXShellScriptBuildPhase;
			buildActionMask = 2147483647;
			files = (
			);
			inputPaths = (
				"${SRCROOT}/Pods/Target Support Files/Pods-Bergjes2018/Pods-Bergjes2018-resources.sh",
				"${PODS_ROOT}/GoogleMaps/Maps/Frameworks/GoogleMaps.framework/Resources/GoogleMaps.bundle",
				"${PODS_ROOT}/GooglePlaces/Frameworks/GooglePlaces.framework/Resources/GooglePlaces.bundle",
			);
			name = "[CP] Copy Pods Resources";
			outputPaths = (
				"${TARGET_BUILD_DIR}/${UNLOCALIZED_RESOURCES_FOLDER_PATH}/GoogleMaps.bundle",
				"${TARGET_BUILD_DIR}/${UNLOCALIZED_RESOURCES_FOLDER_PATH}/GooglePlaces.bundle",
			);
			runOnlyForDeploymentPostprocessing = 0;
			shellPath = /bin/sh;
			shellScript = "\"${SRCROOT}/Pods/Target Support Files/Pods-Bergjes2018/Pods-Bergjes2018-resources.sh\"\n";
			showEnvVarsInLog = 0;
		};
/* End PBXShellScriptBuildPhase section */

/* Begin PBXSourcesBuildPhase section */
		9AB1BF472095E4FE00B4B413 /* Sources */ = {
			isa = PBXSourcesBuildPhase;
			buildActionMask = 2147483647;
			files = (
				9A72BBA8209EFEDB006F417D /* GameSetupStrocamp.swift in Sources */,
				9A3C085620A39DDD00D1B14D /* Action.swift in Sources */,
				9A3C085B20A7504D00D1B14D /* GameSetupBaarn.swift in Sources */,
				9A3C084E209F9F5800D1B14D /* LocationManager.swift in Sources */,
				9A3C083D209F3E9900D1B14D /* ManagementViewController.swift in Sources */,
				9A3C085820A39F6100D1B14D /* ActionManager.swift in Sources */,
				9A3C084C209F9C2A00D1B14D /* Location.swift in Sources */,
				9A1771F22096023E005B83BA /* DistanceCalculator.swift in Sources */,
				9AB1BF512095E4FF00B4B413 /* ViewController.swift in Sources */,
				9A1771ED2095FF29005B83BA /* GameManager.swift in Sources */,
				9A1771F02095FFA0005B83BA /* GameLocation.swift in Sources */,
				9A72BBA4209DF843006F417D /* Utility.swift in Sources */,
				9AB1BF4F2095E4FF00B4B413 /* AppDelegate.swift in Sources */,
				9A3C083F209F4E2300D1B14D /* RugzakItemViewController.swift in Sources */,
				9A1771F420960C09005B83BA /* RugzakTableViewCell.swift in Sources */,
				9A3C084A209F9B8200D1B14D /* Item.swift in Sources */,
				9AB579892095FB570056AB6C /* RugzakViewController.swift in Sources */,
				9A72BBAC209F193F006F417D /* InventoryManager.swift in Sources */,
				9A72BBA6209EFE51006F417D /* GameItem.swift in Sources */,
				9A3C0847209F9B4200D1B14D /* PersistenceManager.swift in Sources */,
			);
			runOnlyForDeploymentPostprocessing = 0;
		};
		9AB1BF5B2095E50000B4B413 /* Sources */ = {
			isa = PBXSourcesBuildPhase;
			buildActionMask = 2147483647;
			files = (
				9AB1BF642095E50000B4B413 /* Bergjes2018Tests.swift in Sources */,
				9A3C085020A2271900D1B14D /* GameManagerTests.swift in Sources */,
				9A3C085420A39B1B00D1B14D /* ItemUsageTests.swift in Sources */,
				9A3C085220A38D0800D1B14D /* ItemCombinationTests.swift in Sources */,
			);
			runOnlyForDeploymentPostprocessing = 0;
		};
		9AB1BF662095E50000B4B413 /* Sources */ = {
			isa = PBXSourcesBuildPhase;
			buildActionMask = 2147483647;
			files = (
				9AB1BF6F2095E50000B4B413 /* Bergjes2018UITests.swift in Sources */,
			);
			runOnlyForDeploymentPostprocessing = 0;
		};
/* End PBXSourcesBuildPhase section */

/* Begin PBXTargetDependency section */
		9AB1BF612095E50000B4B413 /* PBXTargetDependency */ = {
			isa = PBXTargetDependency;
			target = 9AB1BF4A2095E4FE00B4B413 /* Bergjes2018 */;
			targetProxy = 9AB1BF602095E50000B4B413 /* PBXContainerItemProxy */;
		};
		9AB1BF6C2095E50000B4B413 /* PBXTargetDependency */ = {
			isa = PBXTargetDependency;
			target = 9AB1BF4A2095E4FE00B4B413 /* Bergjes2018 */;
			targetProxy = 9AB1BF6B2095E50000B4B413 /* PBXContainerItemProxy */;
		};
/* End PBXTargetDependency section */

/* Begin PBXVariantGroup section */
		9AB1BF522095E4FF00B4B413 /* Main.storyboard */ = {
			isa = PBXVariantGroup;
			children = (
				9AB1BF532095E4FF00B4B413 /* Base */,
			);
			name = Main.storyboard;
			sourceTree = "<group>";
		};
		9AB1BF572095E50000B4B413 /* LaunchScreen.storyboard */ = {
			isa = PBXVariantGroup;
			children = (
				9AB1BF582095E50000B4B413 /* Base */,
			);
			name = LaunchScreen.storyboard;
			sourceTree = "<group>";
		};
/* End PBXVariantGroup section */

/* Begin XCBuildConfiguration section */
		9AB1BF712095E50000B4B413 /* Debug */ = {
			isa = XCBuildConfiguration;
			buildSettings = {
				ALWAYS_SEARCH_USER_PATHS = NO;
				CLANG_ANALYZER_NONNULL = YES;
				CLANG_ANALYZER_NUMBER_OBJECT_CONVERSION = YES_AGGRESSIVE;
				CLANG_CXX_LANGUAGE_STANDARD = "gnu++14";
				CLANG_CXX_LIBRARY = "libc++";
				CLANG_ENABLE_MODULES = YES;
				CLANG_ENABLE_OBJC_ARC = YES;
				CLANG_ENABLE_OBJC_WEAK = YES;
				CLANG_WARN_BLOCK_CAPTURE_AUTORELEASING = YES;
				CLANG_WARN_BOOL_CONVERSION = YES;
				CLANG_WARN_COMMA = YES;
				CLANG_WARN_CONSTANT_CONVERSION = YES;
				CLANG_WARN_DEPRECATED_OBJC_IMPLEMENTATIONS = YES;
				CLANG_WARN_DIRECT_OBJC_ISA_USAGE = YES_ERROR;
				CLANG_WARN_DOCUMENTATION_COMMENTS = YES;
				CLANG_WARN_EMPTY_BODY = YES;
				CLANG_WARN_ENUM_CONVERSION = YES;
				CLANG_WARN_INFINITE_RECURSION = YES;
				CLANG_WARN_INT_CONVERSION = YES;
				CLANG_WARN_NON_LITERAL_NULL_CONVERSION = YES;
				CLANG_WARN_OBJC_IMPLICIT_RETAIN_SELF = YES;
				CLANG_WARN_OBJC_LITERAL_CONVERSION = YES;
				CLANG_WARN_OBJC_ROOT_CLASS = YES_ERROR;
				CLANG_WARN_RANGE_LOOP_ANALYSIS = YES;
				CLANG_WARN_STRICT_PROTOTYPES = YES;
				CLANG_WARN_SUSPICIOUS_MOVE = YES;
				CLANG_WARN_UNGUARDED_AVAILABILITY = YES_AGGRESSIVE;
				CLANG_WARN_UNREACHABLE_CODE = YES;
				CLANG_WARN__DUPLICATE_METHOD_MATCH = YES;
				CODE_SIGN_IDENTITY = "iPhone Developer";
				COPY_PHASE_STRIP = NO;
				DEBUG_INFORMATION_FORMAT = dwarf;
				ENABLE_STRICT_OBJC_MSGSEND = YES;
				ENABLE_TESTABILITY = YES;
				GCC_C_LANGUAGE_STANDARD = gnu11;
				GCC_DYNAMIC_NO_PIC = NO;
				GCC_NO_COMMON_BLOCKS = YES;
				GCC_OPTIMIZATION_LEVEL = 0;
				GCC_PREPROCESSOR_DEFINITIONS = (
					"DEBUG=1",
					"$(inherited)",
				);
				GCC_WARN_64_TO_32_BIT_CONVERSION = YES;
				GCC_WARN_ABOUT_RETURN_TYPE = YES_ERROR;
				GCC_WARN_UNDECLARED_SELECTOR = YES;
				GCC_WARN_UNINITIALIZED_AUTOS = YES_AGGRESSIVE;
				GCC_WARN_UNUSED_FUNCTION = YES;
				GCC_WARN_UNUSED_VARIABLE = YES;
				IPHONEOS_DEPLOYMENT_TARGET = 11.3;
				MTL_ENABLE_DEBUG_INFO = YES;
				ONLY_ACTIVE_ARCH = YES;
				SDKROOT = iphoneos;
				SWIFT_ACTIVE_COMPILATION_CONDITIONS = DEBUG;
				SWIFT_OPTIMIZATION_LEVEL = "-Onone";
			};
			name = Debug;
		};
		9AB1BF722095E50000B4B413 /* Release */ = {
			isa = XCBuildConfiguration;
			buildSettings = {
				ALWAYS_SEARCH_USER_PATHS = NO;
				CLANG_ANALYZER_NONNULL = YES;
				CLANG_ANALYZER_NUMBER_OBJECT_CONVERSION = YES_AGGRESSIVE;
				CLANG_CXX_LANGUAGE_STANDARD = "gnu++14";
				CLANG_CXX_LIBRARY = "libc++";
				CLANG_ENABLE_MODULES = YES;
				CLANG_ENABLE_OBJC_ARC = YES;
				CLANG_ENABLE_OBJC_WEAK = YES;
				CLANG_WARN_BLOCK_CAPTURE_AUTORELEASING = YES;
				CLANG_WARN_BOOL_CONVERSION = YES;
				CLANG_WARN_COMMA = YES;
				CLANG_WARN_CONSTANT_CONVERSION = YES;
				CLANG_WARN_DEPRECATED_OBJC_IMPLEMENTATIONS = YES;
				CLANG_WARN_DIRECT_OBJC_ISA_USAGE = YES_ERROR;
				CLANG_WARN_DOCUMENTATION_COMMENTS = YES;
				CLANG_WARN_EMPTY_BODY = YES;
				CLANG_WARN_ENUM_CONVERSION = YES;
				CLANG_WARN_INFINITE_RECURSION = YES;
				CLANG_WARN_INT_CONVERSION = YES;
				CLANG_WARN_NON_LITERAL_NULL_CONVERSION = YES;
				CLANG_WARN_OBJC_IMPLICIT_RETAIN_SELF = YES;
				CLANG_WARN_OBJC_LITERAL_CONVERSION = YES;
				CLANG_WARN_OBJC_ROOT_CLASS = YES_ERROR;
				CLANG_WARN_RANGE_LOOP_ANALYSIS = YES;
				CLANG_WARN_STRICT_PROTOTYPES = YES;
				CLANG_WARN_SUSPICIOUS_MOVE = YES;
				CLANG_WARN_UNGUARDED_AVAILABILITY = YES_AGGRESSIVE;
				CLANG_WARN_UNREACHABLE_CODE = YES;
				CLANG_WARN__DUPLICATE_METHOD_MATCH = YES;
				CODE_SIGN_IDENTITY = "iPhone Developer";
				COPY_PHASE_STRIP = NO;
				DEBUG_INFORMATION_FORMAT = "dwarf-with-dsym";
				ENABLE_NS_ASSERTIONS = NO;
				ENABLE_STRICT_OBJC_MSGSEND = YES;
				GCC_C_LANGUAGE_STANDARD = gnu11;
				GCC_NO_COMMON_BLOCKS = YES;
				GCC_WARN_64_TO_32_BIT_CONVERSION = YES;
				GCC_WARN_ABOUT_RETURN_TYPE = YES_ERROR;
				GCC_WARN_UNDECLARED_SELECTOR = YES;
				GCC_WARN_UNINITIALIZED_AUTOS = YES_AGGRESSIVE;
				GCC_WARN_UNUSED_FUNCTION = YES;
				GCC_WARN_UNUSED_VARIABLE = YES;
				IPHONEOS_DEPLOYMENT_TARGET = 11.3;
				MTL_ENABLE_DEBUG_INFO = NO;
				SDKROOT = iphoneos;
				SWIFT_COMPILATION_MODE = wholemodule;
				SWIFT_OPTIMIZATION_LEVEL = "-O";
				VALIDATE_PRODUCT = YES;
			};
			name = Release;
		};
		9AB1BF742095E50000B4B413 /* Debug */ = {
			isa = XCBuildConfiguration;
			baseConfigurationReference = 684415749BBBC46CF7245397 /* Pods-Bergjes2018.debug.xcconfig */;
			buildSettings = {
				ASSETCATALOG_COMPILER_APPICON_NAME = AppIcon;
				CODE_SIGN_STYLE = Automatic;
				DEVELOPMENT_TEAM = 832NCTF3R5;
				INFOPLIST_FILE = Bergjes2018/Info.plist;
				LD_RUNPATH_SEARCH_PATHS = (
					"$(inherited)",
					"@executable_path/Frameworks",
				);
				PRODUCT_BUNDLE_IDENTIFIER = net.strocamp.Bergjes2018;
				PRODUCT_NAME = "$(TARGET_NAME)";
				SWIFT_VERSION = 4.0;
				TARGETED_DEVICE_FAMILY = "1,2";
			};
			name = Debug;
		};
		9AB1BF752095E50000B4B413 /* Release */ = {
			isa = XCBuildConfiguration;
			baseConfigurationReference = EE8165650147B17319E3CAE8 /* Pods-Bergjes2018.release.xcconfig */;
			buildSettings = {
				ASSETCATALOG_COMPILER_APPICON_NAME = AppIcon;
				CODE_SIGN_STYLE = Automatic;
				DEVELOPMENT_TEAM = 832NCTF3R5;
				INFOPLIST_FILE = Bergjes2018/Info.plist;
				LD_RUNPATH_SEARCH_PATHS = (
					"$(inherited)",
					"@executable_path/Frameworks",
				);
				PRODUCT_BUNDLE_IDENTIFIER = net.strocamp.Bergjes2018;
				PRODUCT_NAME = "$(TARGET_NAME)";
				SWIFT_VERSION = 4.0;
				TARGETED_DEVICE_FAMILY = "1,2";
			};
			name = Release;
		};
		9AB1BF772095E50000B4B413 /* Debug */ = {
			isa = XCBuildConfiguration;
			buildSettings = {
				ALWAYS_EMBED_SWIFT_STANDARD_LIBRARIES = YES;
				BUNDLE_LOADER = "$(TEST_HOST)";
				CODE_SIGN_STYLE = Automatic;
				DEVELOPMENT_TEAM = 832NCTF3R5;
				INFOPLIST_FILE = Bergjes2018Tests/Info.plist;
				LD_RUNPATH_SEARCH_PATHS = (
					"$(inherited)",
					"@executable_path/Frameworks",
					"@loader_path/Frameworks",
				);
				PRODUCT_BUNDLE_IDENTIFIER = net.strocamp.Bergjes2018Tests;
				PRODUCT_NAME = "$(TARGET_NAME)";
				SWIFT_VERSION = 4.0;
				TARGETED_DEVICE_FAMILY = "1,2";
				TEST_HOST = "$(BUILT_PRODUCTS_DIR)/Bergjes2018.app/Bergjes2018";
			};
			name = Debug;
		};
		9AB1BF782095E50000B4B413 /* Release */ = {
			isa = XCBuildConfiguration;
			buildSettings = {
				ALWAYS_EMBED_SWIFT_STANDARD_LIBRARIES = YES;
				BUNDLE_LOADER = "$(TEST_HOST)";
				CODE_SIGN_STYLE = Automatic;
				DEVELOPMENT_TEAM = 832NCTF3R5;
				INFOPLIST_FILE = Bergjes2018Tests/Info.plist;
				LD_RUNPATH_SEARCH_PATHS = (
					"$(inherited)",
					"@executable_path/Frameworks",
					"@loader_path/Frameworks",
				);
				PRODUCT_BUNDLE_IDENTIFIER = net.strocamp.Bergjes2018Tests;
				PRODUCT_NAME = "$(TARGET_NAME)";
				SWIFT_VERSION = 4.0;
				TARGETED_DEVICE_FAMILY = "1,2";
				TEST_HOST = "$(BUILT_PRODUCTS_DIR)/Bergjes2018.app/Bergjes2018";
			};
			name = Release;
		};
		9AB1BF7A2095E50000B4B413 /* Debug */ = {
			isa = XCBuildConfiguration;
			buildSettings = {
				ALWAYS_EMBED_SWIFT_STANDARD_LIBRARIES = YES;
				CODE_SIGN_STYLE = Automatic;
				DEVELOPMENT_TEAM = 832NCTF3R5;
				INFOPLIST_FILE = Bergjes2018UITests/Info.plist;
				LD_RUNPATH_SEARCH_PATHS = (
					"$(inherited)",
					"@executable_path/Frameworks",
					"@loader_path/Frameworks",
				);
				PRODUCT_BUNDLE_IDENTIFIER = net.strocamp.Bergjes2018UITests;
				PRODUCT_NAME = "$(TARGET_NAME)";
				SWIFT_VERSION = 4.0;
				TARGETED_DEVICE_FAMILY = "1,2";
				TEST_TARGET_NAME = Bergjes2018;
			};
			name = Debug;
		};
		9AB1BF7B2095E50000B4B413 /* Release */ = {
			isa = XCBuildConfiguration;
			buildSettings = {
				ALWAYS_EMBED_SWIFT_STANDARD_LIBRARIES = YES;
				CODE_SIGN_STYLE = Automatic;
				DEVELOPMENT_TEAM = 832NCTF3R5;
				INFOPLIST_FILE = Bergjes2018UITests/Info.plist;
				LD_RUNPATH_SEARCH_PATHS = (
					"$(inherited)",
					"@executable_path/Frameworks",
					"@loader_path/Frameworks",
				);
				PRODUCT_BUNDLE_IDENTIFIER = net.strocamp.Bergjes2018UITests;
				PRODUCT_NAME = "$(TARGET_NAME)";
				SWIFT_VERSION = 4.0;
				TARGETED_DEVICE_FAMILY = "1,2";
				TEST_TARGET_NAME = Bergjes2018;
			};
			name = Release;
		};
/* End XCBuildConfiguration section */

/* Begin XCConfigurationList section */
		9AB1BF462095E4FE00B4B413 /* Build configuration list for PBXProject "Bergjes2018" */ = {
			isa = XCConfigurationList;
			buildConfigurations = (
				9AB1BF712095E50000B4B413 /* Debug */,
				9AB1BF722095E50000B4B413 /* Release */,
			);
			defaultConfigurationIsVisible = 0;
			defaultConfigurationName = Release;
		};
		9AB1BF732095E50000B4B413 /* Build configuration list for PBXNativeTarget "Bergjes2018" */ = {
			isa = XCConfigurationList;
			buildConfigurations = (
				9AB1BF742095E50000B4B413 /* Debug */,
				9AB1BF752095E50000B4B413 /* Release */,
			);
			defaultConfigurationIsVisible = 0;
			defaultConfigurationName = Release;
		};
		9AB1BF762095E50000B4B413 /* Build configuration list for PBXNativeTarget "Bergjes2018Tests" */ = {
			isa = XCConfigurationList;
			buildConfigurations = (
				9AB1BF772095E50000B4B413 /* Debug */,
				9AB1BF782095E50000B4B413 /* Release */,
			);
			defaultConfigurationIsVisible = 0;
			defaultConfigurationName = Release;
		};
		9AB1BF792095E50000B4B413 /* Build configuration list for PBXNativeTarget "Bergjes2018UITests" */ = {
			isa = XCConfigurationList;
			buildConfigurations = (
				9AB1BF7A2095E50000B4B413 /* Debug */,
				9AB1BF7B2095E50000B4B413 /* Release */,
			);
			defaultConfigurationIsVisible = 0;
			defaultConfigurationName = Release;
		};
/* End XCConfigurationList section */
	};
	rootObject = 9AB1BF432095E4FE00B4B413 /* Project object */;
}
